{
  "name": "revenue-workshop-static",
  "version": "1.0.0",
  "lockfileVersion": 3,
  "requires": true,
  "packages": {
    "": {
      "name": "revenue-workshop-static",
      "version": "1.0.0",
      "description": "Static entry and revenue distribution lab served from apps/frontend/public",
      "license": "UNLICENSED"
    }
  }
}
